
Microsoft Visual Studio Solution File, Format Version 12.00
# Visual Studio 15
VisualStudioVersion = 15.0.28307.757
MinimumVisualStudioVersion = 10.0.40219.1
Project("{8BC9CEB8-8B4A-11D0-8D11-00A0C91BC942}") = "SimpleVulkanDemo", "SimpleVulkanDemo\SimpleVulkanDemo.vcxproj", "{EEA29027-D7A6-44CF-9003-1FA15DA455D2}"
EndProject
Global
	GlobalSection(SolutionConfigurationPlatforms) = preSolution
		Debug|x64 = Debug|x64
		Debug|x86 = Debug|x86
		Release|x64 = Release|x64
		Release|x86 = Release|x86
	EndGlobalSection
	GlobalSection(ProjectConfigurationPlatforms) = postSolution
		{EEA29027-D7A6-44CF-9003-1FA15DA455D2}.Debug|x64.ActiveCfg = Debug|x64
		{EEA29027-D7A6-44CF-9003-1FA15DA455D2}.Debug|x64.Build.0 = Debug|x64
		{EEA29027-D7A6-44CF-9003-1FA15DA455D2}.Debug|x86.ActiveCfg = Debug|Win32
		{EEA29027-D7A6-44CF-9003-1FA15DA455D2}.Debug|x86.Build.0 = Debug|Win32
		{EEA29027-D7A6-44CF-9003-1FA15DA455D2}.Release|x64.ActiveCfg = Release|x64
		{EEA29027-D7A6-44CF-9003-1FA15DA455D2}.Release|x64.Build.0 = Release|x64
		{EEA29027-D7A6-44CF-9003-1FA15DA455D2}.Release|x86.ActiveCfg = Release|Win32
		{EEA29027-D7A6-44CF-9003-1FA15DA455D2}.Release|x86.Build.0 = Release|Win32
	EndGlobalSection
	GlobalSection(SolutionProperties) = preSolution
		HideSolutionNode = FALSE
	EndGlobalSection
	GlobalSection(ExtensibilityGlobals) = postSolution
		SolutionGuid = {5A16D22D-F583-4460-AC58-4450E619B4B6}
	EndGlobalSection
EndGlobal
